{
  "name": "mwe-measuresuite",
  "lockfileVersion": 2,
  "requires": true,
  "packages": {
    "": {
      "dependencies": {
        "measuresuite": "^2.2.0"
      }
    },
    "node_modules/measuresuite": {
      "version": "2.2.0",
      "resolved": "https://registry.npmjs.org/measuresuite/-/measuresuite-2.2.0.tgz",
      "integrity": "sha512-dzmJGgXIl/7bP99U2ZmlrGT2VaEwnMCO9P09O3Sg0Y+KRP2yVIMbwWku5g+gMZ9CN022wHY66LergPKLXpPk6w==",
      "cpu": [
        "x64"
      ],
      "hasInstallScript": true,
      "os": [
        "linux"
      ],
      "dependencies": {
        "measuresuite-native-module": "file:./build/Release/measuresuite.node"
      }
    },
    "node_modules/measuresuite-native-module": {
      "resolved": "node_modules/measuresuite/build/Release/measuresuite.node",
      "link": true
    },
    "node_modules/measuresuite/build/Release/measuresuite.node": {}
  },
  "dependencies": {
    "measuresuite": {
      "version": "2.2.0",
      "resolved": "https://registry.npmjs.org/measuresuite/-/measuresuite-2.2.0.tgz",
      "integrity": "sha512-dzmJGgXIl/7bP99U2ZmlrGT2VaEwnMCO9P09O3Sg0Y+KRP2yVIMbwWku5g+gMZ9CN022wHY66LergPKLXpPk6w==",
      "requires": {
        "measuresuite-native-module": "file:build/Release/measuresuite.node"
      }
    },
    "measuresuite-native-module": {
      "version": "file:node_modules/measuresuite/build/Release/measuresuite.node"
    }
  }
}
